// !$*UTF8*$!
{
	archiveVersion = 1;
	classes = {
	};
	objectVersion = 54;
	objects = {

/* Begin PBXBuildFile section */
		0CCD9A831D5226CA59E0BA4F /* TestScene.swift in Sources */ = {isa = PBXBuildFile; fileRef = C89F808B1AAF479084BC465B /* TestScene.swift */; };
		242B7466B900EF2A9666DA86 /* AggregateDeviceManagerTests.swift in Sources */ = {isa = PBXBuildFile; fileRef = AA1DDC2D21ADE94CD69B0966 /* AggregateDeviceManagerTests.swift */; };
		341E8A3500EB457D8DF89D42 /* VolumeMathTests.swift in Sources */ = {isa = PBXBuildFile; fileRef = 71A37CFF526B5E27AC100851 /* VolumeMathTests.swift */; };
		42F16CFECBBDA470387FB729 /* SmokeTests.swift in Sources */ = {isa = PBXBuildFile; fileRef = DDAF6EBF4BC908C3180F3342 /* SmokeTests.swift */; };
		4743EFAB1E91493B0032F5AA /* AppDelegate.swift in Sources */ = {isa = PBXBuildFile; fileRef = 4743EFAA1E91493B0032F5AA /* AppDelegate.swift */; };
		5B19B599B5B7D04D84DA3F98 /* FakeAudio.swift in Sources */ = {isa = PBXBuildFile; fileRef = 9447387A84744D0EEE94C906 /* FakeAudio.swift */; };
		6579173C5B5DF455DA630E89 /* SystemVolumeIconControllerTests.swift in Sources */ = {isa = PBXBuildFile; fileRef = CF39F5AE64D795A42964DB68 /* SystemVolumeIconControllerTests.swift */; };
		7B932A673C06713AEB988A5F /* MediaKeyRemapperTests.swift in Sources */ = {isa = PBXBuildFile; fileRef = C3D3E2B21CC48DEE4E3CFF45 /* MediaKeyRemapperTests.swift */; };
		AB1234567890ABCDEF000003 /* MediaKeyTap in Frameworks */ = {isa = PBXBuildFile; productRef = AB1234567890ABCDEF000002 /* MediaKeyTap */; };
		AB1234567890ABCDEF000006 /* VolumeHUD.swift in Sources */ = {isa = PBXBuildFile; fileRef = AB1234567890ABCDEF000005 /* VolumeHUD.swift */; };
		AB1234567890ABCDEF000008 /* MediaKeyRemapper.swift in Sources */ = {isa = PBXBuildFile; fileRef = AB1234567890ABCDEF000007 /* MediaKeyRemapper.swift */; };
		AB1234567890ABCDEF00000A /* AggregateDeviceManager.swift in Sources */ = {isa = PBXBuildFile; fileRef = AB1234567890ABCDEF000009 /* AggregateDeviceManager.swift */; };
		AB1234567890ABCDEF00000C /* SystemVolumeIconController.swift in Sources */ = {isa = PBXBuildFile; fileRef = AB1234567890ABCDEF00000B /* SystemVolumeIconController.swift */; };
		AB1234567890ABCDEF00000E /* DeviceListView.swift in Sources */ = {isa = PBXBuildFile; fileRef = AB1234567890ABCDEF00000D /* DeviceListView.swift */; };
		AB1234567890ABCDEF000010 /* IconTintPickerView.swift in Sources */ = {isa = PBXBuildFile; fileRef = AB1234567890ABCDEF00000F /* IconTintPickerView.swift */; };
		AB1234567890ABCDEF000014 /* LaunchAtLoginController.swift in Sources */ = {isa = PBXBuildFile; fileRef = AB1234567890ABCDEF000013 /* LaunchAtLoginController.swift */; };
		AE946A2DF3EEBF8C4E49D8BD /* Cocoa.framework in Frameworks */ = {isa = PBXBuildFile; fileRef = 61FB35F8F4B376C7907BAE5D /* Cocoa.framework */; };
		B406CE3905EC4FCB0B354263 /* AudioManagerSelectionTests.swift in Sources */ = {isa = PBXBuildFile; fileRef = B3CEE2F02BECB0A7BEDD81E1 /* AudioManagerSelectionTests.swift */; };
		E5AC11609D3CBF175DAE2523 /* AudioManagerReconcileTests.swift in Sources */ = {isa = PBXBuildFile; fileRef = C94FF27CD597D8385F265FFA /* AudioManagerReconcileTests.swift */; };
		E82CC5CF09459DF0594A1690 /* AudioManagerVolumeTests.swift in Sources */ = {isa = PBXBuildFile; fileRef = 4DF8099D775EFFF465782B8E /* AudioManagerVolumeTests.swift */; };
		EED8FCD6CEF0547A5840E211 /* VolumeMath.swift in Sources */ = {isa = PBXBuildFile; fileRef = 355D1FDBAA9BF1B2EF9AE940 /* VolumeMath.swift */; };
		F312C54E25B3741C00205846 /* Main.storyboard in Resources */ = {isa = PBXBuildFile; fileRef = F373D8C02561D24600642274 /* Main.storyboard */; };
		F312C55025B3742200205846 /* Volume.storyboard in Resources */ = {isa = PBXBuildFile; fileRef = F373D8BC2561D22000642274 /* Volume.storyboard */; };
		F3433FCB25B36E16009AAE86 /* Images.swift in Sources */ = {isa = PBXBuildFile; fileRef = F3433FCA25B36E16009AAE86 /* Images.swift */; };
		F373D8B32561D1A600642274 /* StatusBarController.swift in Sources */ = {isa = PBXBuildFile; fileRef = F373D8B02561D1A600642274 /* StatusBarController.swift */; };
		F373D8B42561D1A600642274 /* AudioManager.swift in Sources */ = {isa = PBXBuildFile; fileRef = F373D8B12561D1A600642274 /* AudioManager.swift */; };
		F373D8B52561D1A600642274 /* MediaManager.swift in Sources */ = {isa = PBXBuildFile; fileRef = F373D8B22561D1A600642274 /* MediaManager.swift */; };
		F373D8BB2561D21900642274 /* Stories.swift in Sources */ = {isa = PBXBuildFile; fileRef = F373D8BA2561D21900642274 /* Stories.swift */; };
		F373D8BF2561D22000642274 /* VolumeViewController.swift in Sources */ = {isa = PBXBuildFile; fileRef = F373D8BD2561D22000642274 /* VolumeViewController.swift */; };
		F373D8C62561D2A600642274 /* Audio.swift in Sources */ = {isa = PBXBuildFile; fileRef = F373D8C52561D2A600642274 /* Audio.swift */; };
		F373D8C82561D2B000642274 /* Extensions.swift in Sources */ = {isa = PBXBuildFile; fileRef = F373D8C72561D2B000642274 /* Extensions.swift */; };
		F373D8CD2561D36B00642274 /* Assets.xcassets in Resources */ = {isa = PBXBuildFile; fileRef = F373D8CB2561D36B00642274 /* Assets.xcassets */; };
		F37C2ECF256AA987001C3D36 /* Localizable.strings in Resources */ = {isa = PBXBuildFile; fileRef = F37C2ECE256AA987001C3D36 /* Localizable.strings */; };
		F37C2ED1256AAA4C001C3D36 /* Strings.swift in Sources */ = {isa = PBXBuildFile; fileRef = F37C2ED0256AAA4C001C3D36 /* Strings.swift */; };
		F383684D2561E39E00C7B454 /* Constants.swift in Sources */ = {isa = PBXBuildFile; fileRef = F383684C2561E39E00C7B454 /* Constants.swift */; };
		F3925975262F2B8000B7AD62 /* ApplicationController.swift in Sources */ = {isa = PBXBuildFile; fileRef = F3925974262F2B8000B7AD62 /* ApplicationController.swift */; };
		F3925979262F2F9F00B7AD62 /* Logger.swift in Sources */ = {isa = PBXBuildFile; fileRef = F3925978262F2F9F00B7AD62 /* Logger.swift */; };
		F392597C2631ACE700B7AD62 /* Runner.swift in Sources */ = {isa = PBXBuildFile; fileRef = F392597B2631ACE700B7AD62 /* Runner.swift */; };
/* End PBXBuildFile section */

/* Begin PBXContainerItemProxy section */
		9B14F72DFD1682F7F0C762C5 /* PBXContainerItemProxy */ = {
			isa = PBXContainerItemProxy;
			containerPortal = 4743EF9F1E91493B0032F5AA /* Project object */;
			proxyType = 1;
			remoteGlobalIDString = 4743EFA61E91493B0032F5AA;
			remoteInfo = MultiSoundChanger;
		};
/* End PBXContainerItemProxy section */

/* Begin PBXFileReference section */
		355D1FDBAA9BF1B2EF9AE940 /* VolumeMath.swift */ = {isa = PBXFileReference; includeInIndex = 1; lastKnownFileType = sourcecode.swift; path = VolumeMath.swift; sourceTree = "<group>"; };
		4743EFA71E91493B0032F5AA /* MultiSoundChanger.app */ = {isa = PBXFileReference; explicitFileType = wrapper.application; includeInIndex = 0; path = MultiSoundChanger.app; sourceTree = BUILT_PRODUCTS_DIR; };
		4743EFAA1E91493B0032F5AA /* AppDelegate.swift */ = {isa = PBXFileReference; lastKnownFileType = sourcecode.swift; path = AppDelegate.swift; sourceTree = "<group>"; };
		4DF8099D775EFFF465782B8E /* AudioManagerVolumeTests.swift */ = {isa = PBXFileReference; includeInIndex = 1; lastKnownFileType = sourcecode.swift; path = AudioManagerVolumeTests.swift; sourceTree = "<group>"; };
		61FB35F8F4B376C7907BAE5D /* Cocoa.framework */ = {isa = PBXFileReference; lastKnownFileType = wrapper.framework; name = Cocoa.framework; path = Platforms/MacOSX.platform/Developer/SDKs/MacOSX26.0.sdk/System/Library/Frameworks/Cocoa.framework; sourceTree = DEVELOPER_DIR; };
		71A37CFF526B5E27AC100851 /* VolumeMathTests.swift */ = {isa = PBXFileReference; includeInIndex = 1; lastKnownFileType = sourcecode.swift; path = VolumeMathTests.swift; sourceTree = "<group>"; };
		9447387A84744D0EEE94C906 /* FakeAudio.swift */ = {isa = PBXFileReference; includeInIndex = 1; lastKnownFileType = sourcecode.swift; name = FakeAudio.swift; path = Support/FakeAudio.swift; sourceTree = "<group>"; };
		A0D176BEF64C403EF03E64CC /* MultiSoundChangerTests.xctest */ = {isa = PBXFileReference; explicitFileType = wrapper.cfbundle; includeInIndex = 0; path = MultiSoundChangerTests.xctest; sourceTree = BUILT_PRODUCTS_DIR; };
		AA1DDC2D21ADE94CD69B0966 /* AggregateDeviceManagerTests.swift */ = {isa = PBXFileReference; includeInIndex = 1; lastKnownFileType = sourcecode.swift; path = AggregateDeviceManagerTests.swift; sourceTree = "<group>"; };
		AB1234567890ABCDEF000005 /* VolumeHUD.swift */ = {isa = PBXFileReference; lastKnownFileType = sourcecode.swift; path = VolumeHUD.swift; sourceTree = "<group>"; };
		AB1234567890ABCDEF000007 /* MediaKeyRemapper.swift */ = {isa = PBXFileReference; lastKnownFileType = sourcecode.swift; path = MediaKeyRemapper.swift; sourceTree = "<group>"; };
		AB1234567890ABCDEF000009 /* AggregateDeviceManager.swift */ = {isa = PBXFileReference; lastKnownFileType = sourcecode.swift; path = AggregateDeviceManager.swift; sourceTree = "<group>"; };
		AB1234567890ABCDEF00000B /* SystemVolumeIconController.swift */ = {isa = PBXFileReference; lastKnownFileType = sourcecode.swift; path = SystemVolumeIconController.swift; sourceTree = "<group>"; };
		AB1234567890ABCDEF00000D /* DeviceListView.swift */ = {isa = PBXFileReference; lastKnownFileType = sourcecode.swift; path = DeviceListView.swift; sourceTree = "<group>"; };
		AB1234567890ABCDEF00000F /* IconTintPickerView.swift */ = {isa = PBXFileReference; lastKnownFileType = sourcecode.swift; path = IconTintPickerView.swift; sourceTree = "<group>"; };
		AB1234567890ABCDEF000013 /* LaunchAtLoginController.swift */ = {isa = PBXFileReference; lastKnownFileType = sourcecode.swift; path = LaunchAtLoginController.swift; sourceTree = "<group>"; };
		B3CEE2F02BECB0A7BEDD81E1 /* AudioManagerSelectionTests.swift */ = {isa = PBXFileReference; includeInIndex = 1; lastKnownFileType = sourcecode.swift; path = AudioManagerSelectionTests.swift; sourceTree = "<group>"; };
		C3D3E2B21CC48DEE4E3CFF45 /* MediaKeyRemapperTests.swift */ = {isa = PBXFileReference; includeInIndex = 1; lastKnownFileType = sourcecode.swift; path = MediaKeyRemapperTests.swift; sourceTree = "<group>"; };
		C89F808B1AAF479084BC465B /* TestScene.swift */ = {isa = PBXFileReference; includeInIndex = 1; lastKnownFileType = sourcecode.swift; name = TestScene.swift; path = Support/TestScene.swift; sourceTree = "<group>"; };
		C94FF27CD597D8385F265FFA /* AudioManagerReconcileTests.swift */ = {isa = PBXFileReference; includeInIndex = 1; lastKnownFileType = sourcecode.swift; path = AudioManagerReconcileTests.swift; sourceTree = "<group>"; };
		CF39F5AE64D795A42964DB68 /* SystemVolumeIconControllerTests.swift */ = {isa = PBXFileReference; includeInIndex = 1; lastKnownFileType = sourcecode.swift; path = SystemVolumeIconControllerTests.swift; sourceTree = "<group>"; };
		DDAF6EBF4BC908C3180F3342 /* SmokeTests.swift */ = {isa = PBXFileReference; includeInIndex = 1; lastKnownFileType = sourcecode.swift; path = SmokeTests.swift; sourceTree = "<group>"; };
		F3433FCA25B36E16009AAE86 /* Images.swift */ = {isa = PBXFileReference; lastKnownFileType = sourcecode.swift; path = Images.swift; sourceTree = "<group>"; };
		F373D8B02561D1A600642274 /* StatusBarController.swift */ = {isa = PBXFileReference; fileEncoding = 4; lastKnownFileType = sourcecode.swift; path = StatusBarController.swift; sourceTree = "<group>"; };
		F373D8B12561D1A600642274 /* AudioManager.swift */ = {isa = PBXFileReference; fileEncoding = 4; lastKnownFileType = sourcecode.swift; path = AudioManager.swift; sourceTree = "<group>"; };
		F373D8B22561D1A600642274 /* MediaManager.swift */ = {isa = PBXFileReference; fileEncoding = 4; lastKnownFileType = sourcecode.swift; path = MediaManager.swift; sourceTree = "<group>"; };
		F373D8BA2561D21900642274 /* Stories.swift */ = {isa = PBXFileReference; fileEncoding = 4; lastKnownFileType = sourcecode.swift; path = Stories.swift; sourceTree = "<group>"; };
		F373D8BC2561D22000642274 /* Volume.storyboard */ = {isa = PBXFileReference; fileEncoding = 4; lastKnownFileType = file.storyboard; path = Volume.storyboard; sourceTree = "<group>"; };
		F373D8BD2561D22000642274 /* VolumeViewController.swift */ = {isa = PBXFileReference; fileEncoding = 4; lastKnownFileType = sourcecode.swift; path = VolumeViewController.swift; sourceTree = "<group>"; };
		F373D8C12561D24600642274 /* Base */ = {isa = PBXFileReference; lastKnownFileType = file.storyboard; name = Base; path = Base.lproj/Main.storyboard; sourceTree = "<group>"; };
		F373D8C52561D2A600642274 /* Audio.swift */ = {isa = PBXFileReference; fileEncoding = 4; lastKnownFileType = sourcecode.swift; name = Audio.swift; path = Sources/Frameworks/Audio.swift; sourceTree = "<group>"; };
		F373D8C72561D2B000642274 /* Extensions.swift */ = {isa = PBXFileReference; fileEncoding = 4; lastKnownFileType = sourcecode.swift; name = Extensions.swift; path = Sources/Extensions/Extensions.swift; sourceTree = "<group>"; };
		F373D8CA2561D36B00642274 /* MultiSoundChanger-Bridging-Header.h */ = {isa = PBXFileReference; fileEncoding = 4; lastKnownFileType = sourcecode.c.h; path = "MultiSoundChanger-Bridging-Header.h"; sourceTree = "<group>"; };
		F373D8CB2561D36B00642274 /* Assets.xcassets */ = {isa = PBXFileReference; lastKnownFileType = folder.assetcatalog; path = Assets.xcassets; sourceTree = "<group>"; };
		F373D8CC2561D36B00642274 /* Info.plist */ = {isa = PBXFileReference; fileEncoding = 4; lastKnownFileType = text.plist.xml; path = Info.plist; sourceTree = "<group>"; };
		F37C2ECE256AA987001C3D36 /* Localizable.strings */ = {isa = PBXFileReference; lastKnownFileType = text.plist.strings; path = Localizable.strings; sourceTree = "<group>"; };
		F37C2ED0256AAA4C001C3D36 /* Strings.swift */ = {isa = PBXFileReference; lastKnownFileType = sourcecode.swift; path = Strings.swift; sourceTree = "<group>"; };
		F383684C2561E39E00C7B454 /* Constants.swift */ = {isa = PBXFileReference; lastKnownFileType = sourcecode.swift; path = Constants.swift; sourceTree = "<group>"; };
		F3925974262F2B8000B7AD62 /* ApplicationController.swift */ = {isa = PBXFileReference; lastKnownFileType = sourcecode.swift; path = ApplicationController.swift; sourceTree = "<group>"; };
		F3925978262F2F9F00B7AD62 /* Logger.swift */ = {isa = PBXFileReference; lastKnownFileType = sourcecode.swift; path = Logger.swift; sourceTree = "<group>"; };
		F392597B2631ACE700B7AD62 /* Runner.swift */ = {isa = PBXFileReference; lastKnownFileType = sourcecode.swift; path = Runner.swift; sourceTree = "<group>"; };
/* End PBXFileReference section */

/* Begin PBXFrameworksBuildPhase section */
		4743EFA41E91493B0032F5AA /* Frameworks */ = {
			isa = PBXFrameworksBuildPhase;
			buildActionMask = 2147483647;
			files = (
				AB1234567890ABCDEF000003 /* MediaKeyTap in Frameworks */,
			);
			runOnlyForDeploymentPostprocessing = 0;
		};
		656DFD4820DAF032417B0809 /* Frameworks */ = {
			isa = PBXFrameworksBuildPhase;
			buildActionMask = 2147483647;
			files = (
				AE946A2DF3EEBF8C4E49D8BD /* Cocoa.framework in Frameworks */,
			);
			runOnlyForDeploymentPostprocessing = 0;
		};
/* End PBXFrameworksBuildPhase section */

/* Begin PBXGroup section */
		42E00C1779F420CDB49507BA /* MultiSoundChangerTests */ = {
			isa = PBXGroup;
			children = (
				DDAF6EBF4BC908C3180F3342 /* SmokeTests.swift */,
				AA1DDC2D21ADE94CD69B0966 /* AggregateDeviceManagerTests.swift */,
				C94FF27CD597D8385F265FFA /* AudioManagerReconcileTests.swift */,
				B3CEE2F02BECB0A7BEDD81E1 /* AudioManagerSelectionTests.swift */,
				4DF8099D775EFFF465782B8E /* AudioManagerVolumeTests.swift */,
				9447387A84744D0EEE94C906 /* FakeAudio.swift */,
				C89F808B1AAF479084BC465B /* TestScene.swift */,
				C3D3E2B21CC48DEE4E3CFF45 /* MediaKeyRemapperTests.swift */,
				CF39F5AE64D795A42964DB68 /* SystemVolumeIconControllerTests.swift */,
				71A37CFF526B5E27AC100851 /* VolumeMathTests.swift */,
			);
			name = MultiSoundChangerTests;
			path = MultiSoundChangerTests;
			sourceTree = SOURCE_ROOT;
		};
		4743EF9E1E91493B0032F5AA = {
			isa = PBXGroup;
			children = (
				4743EFA91E91493B0032F5AA /* MultiSoundChanger */,
				4743EFA81E91493B0032F5AA /* Products */,
				83889335DD9089B748A33010 /* Frameworks */,
				42E00C1779F420CDB49507BA /* MultiSoundChangerTests */,
			);
			sourceTree = "<group>";
		};
		4743EFA81E91493B0032F5AA /* Products */ = {
			isa = PBXGroup;
			children = (
				4743EFA71E91493B0032F5AA /* MultiSoundChanger.app */,
				A0D176BEF64C403EF03E64CC /* MultiSoundChangerTests.xctest */,
			);
			name = Products;
			sourceTree = "<group>";
		};
		4743EFA91E91493B0032F5AA /* MultiSoundChanger */ = {
			isa = PBXGroup;
			children = (
				F373D8A42561D11900642274 /* Sources */,
				F373D8C92561D31700642274 /* Other */,
			);
			path = MultiSoundChanger;
			sourceTree = "<group>";
		};
		47E683041E91BC6200C525F7 /* Frameworks */ = {
			isa = PBXGroup;
			children = (
				F373D8C52561D2A600642274 /* Audio.swift */,
			);
			name = Frameworks;
			path = ..;
			sourceTree = "<group>";
		};
		47E6830C1E9273C600C525F7 /* Extensions */ = {
			isa = PBXGroup;
			children = (
				F373D8C72561D2B000642274 /* Extensions.swift */,
			);
			name = Extensions;
			path = ..;
			sourceTree = "<group>";
		};
		83889335DD9089B748A33010 /* Frameworks */ = {
			isa = PBXGroup;
			children = (
				EDF3B9BC1EE641244D95DBDD /* OS X */,
			);
			name = Frameworks;
			sourceTree = "<group>";
		};
		AB1234567890ABCDEF000011 /* DeviceList */ = {
			isa = PBXGroup;
			children = (
				AB1234567890ABCDEF00000D /* DeviceListView.swift */,
			);
			path = DeviceList;
			sourceTree = "<group>";
		};
		AB1234567890ABCDEF000012 /* IconTint */ = {
			isa = PBXGroup;
			children = (
				AB1234567890ABCDEF00000F /* IconTintPickerView.swift */,
			);
			path = IconTint;
			sourceTree = "<group>";
		};
		EDF3B9BC1EE641244D95DBDD /* OS X */ = {
			isa = PBXGroup;
			children = (
				61FB35F8F4B376C7907BAE5D /* Cocoa.framework */,
			);
			name = "OS X";
			sourceTree = "<group>";
		};
		F373D8A22561D10800642274 /* AppDelegate */ = {
			isa = PBXGroup;
			children = (
				4743EFAA1E91493B0032F5AA /* AppDelegate.swift */,
			);
			path = AppDelegate;
			sourceTree = "<group>";
		};
		F373D8A42561D11900642274 /* Sources */ = {
			isa = PBXGroup;
			children = (
				F373D8A22561D10800642274 /* AppDelegate */,
				F373D8A92561D17C00642274 /* Classes */,
				47E683041E91BC6200C525F7 /* Frameworks */,
				F373D8B72561D1C600642274 /* Stories */,
				47E6830C1E9273C600C525F7 /* Extensions */,
				F392596C2610DECC00B7AD62 /* Utils */,
			);
			path = Sources;
			sourceTree = "<group>";
		};
		F373D8A92561D17C00642274 /* Classes */ = {
			isa = PBXGroup;
			children = (
				F3925974262F2B8000B7AD62 /* ApplicationController.swift */,
				F373D8B02561D1A600642274 /* StatusBarController.swift */,
				F373D8B12561D1A600642274 /* AudioManager.swift */,
				F373D8B22561D1A600642274 /* MediaManager.swift */,
				AB1234567890ABCDEF000005 /* VolumeHUD.swift */,
				AB1234567890ABCDEF000009 /* AggregateDeviceManager.swift */,
			);
			path = Classes;
			sourceTree = "<group>";
		};
		F373D8B72561D1C600642274 /* Stories */ = {
			isa = PBXGroup;
			children = (
				F373D8BA2561D21900642274 /* Stories.swift */,
				F373D8B92561D1F200642274 /* Main */,
				F373D8B82561D1ED00642274 /* Volume */,
				AB1234567890ABCDEF000011 /* DeviceList */,
				AB1234567890ABCDEF000012 /* IconTint */,
			);
			path = Stories;
			sourceTree = "<group>";
		};
		F373D8B82561D1ED00642274 /* Volume */ = {
			isa = PBXGroup;
			children = (
				F373D8BC2561D22000642274 /* Volume.storyboard */,
				F373D8BD2561D22000642274 /* VolumeViewController.swift */,
			);
			path = Volume;
			sourceTree = "<group>";
		};
		F373D8B92561D1F200642274 /* Main */ = {
			isa = PBXGroup;
			children = (
				F373D8C02561D24600642274 /* Main.storyboard */,
			);
			path = Main;
			sourceTree = "<group>";
		};
		F373D8C92561D31700642274 /* Other */ = {
			isa = PBXGroup;
			children = (
				F37C2ECD256AA8F0001C3D36 /* Localization */,
				F3433FCA25B36E16009AAE86 /* Images.swift */,
				F383684C2561E39E00C7B454 /* Constants.swift */,
				F373D8CB2561D36B00642274 /* Assets.xcassets */,
				F373D8CA2561D36B00642274 /* MultiSoundChanger-Bridging-Header.h */,
				F373D8CC2561D36B00642274 /* Info.plist */,
			);
			path = Other;
			sourceTree = "<group>";
		};
		F37C2ECD256AA8F0001C3D36 /* Localization */ = {
			isa = PBXGroup;
			children = (
				F37C2ED0256AAA4C001C3D36 /* Strings.swift */,
				F37C2ECE256AA987001C3D36 /* Localizable.strings */,
			);
			path = Localization;
			sourceTree = "<group>";
		};
		F392596C2610DECC00B7AD62 /* Utils */ = {
			isa = PBXGroup;
			children = (
				F3925978262F2F9F00B7AD62 /* Logger.swift */,
				F392597B2631ACE700B7AD62 /* Runner.swift */,
				AB1234567890ABCDEF000007 /* MediaKeyRemapper.swift */,
				AB1234567890ABCDEF00000B /* SystemVolumeIconController.swift */,
				AB1234567890ABCDEF000013 /* LaunchAtLoginController.swift */,
				355D1FDBAA9BF1B2EF9AE940 /* VolumeMath.swift */,
			);
			path = Utils;
			sourceTree = "<group>";
		};
/* End PBXGroup section */

/* Begin PBXNativeTarget section */
		4743EFA61E91493B0032F5AA /* MultiSoundChanger */ = {
			isa = PBXNativeTarget;
			buildConfigurationList = 4743EFB61E91493B0032F5AA /* Build configuration list for PBXNativeTarget "MultiSoundChanger" */;
			buildPhases = (
				4743EFA31E91493B0032F5AA /* Sources */,
				4743EFA41E91493B0032F5AA /* Frameworks */,
				4743EFA51E91493B0032F5AA /* Resources */,
			);
			buildRules = (
			);
			dependencies = (
			);
			name = MultiSoundChanger;
			packageProductDependencies = (
				AB1234567890ABCDEF000002 /* MediaKeyTap */,
			);
			productName = DynamicsIllusion;
			productReference = 4743EFA71E91493B0032F5AA /* MultiSoundChanger.app */;
			productType = "com.apple.product-type.application";
		};
		7D38D692B882FBDA90D27178 /* MultiSoundChangerTests */ = {
			isa = PBXNativeTarget;
			buildConfigurationList = 8976DD74ABEC1BBA97495539 /* Build configuration list for PBXNativeTarget "MultiSoundChangerTests" */;
			buildPhases = (
				3BF92F448AC3228AF84F2A47 /* Sources */,
				656DFD4820DAF032417B0809 /* Frameworks */,
				ED2DD36148E4E4770A586BF4 /* Resources */,
			);
			buildRules = (
			);
			dependencies = (
				01E35CF43A1D387BE6D69333 /* PBXTargetDependency */,
			);
			name = MultiSoundChangerTests;
			productName = MultiSoundChangerTests;
			productReference = A0D176BEF64C403EF03E64CC /* MultiSoundChangerTests.xctest */;
			productType = "com.apple.product-type.bundle.unit-test";
		};
/* End PBXNativeTarget section */

/* Begin PBXProject section */
		4743EF9F1E91493B0032F5AA /* Project object */ = {
			isa = PBXProject;
			attributes = {
				LastSwiftUpdateCheck = 0830;
				LastUpgradeCheck = 1200;
				ORGANIZATIONNAME = "Dmitry Medyuho";
				TargetAttributes = {
					4743EFA61E91493B0032F5AA = {
						CreatedOnToolsVersion = 8.3;
						ProvisioningStyle = Manual;
					};
				};
			};
			buildConfigurationList = 4743EFA21E91493B0032F5AA /* Build configuration list for PBXProject "MultiSoundChanger" */;
			compatibilityVersion = "Xcode 3.2";
			developmentRegion = en;
			hasScannedForEncodings = 0;
			knownRegions = (
				en,
				Base,
			);
			mainGroup = 4743EF9E1E91493B0032F5AA;
			packageReferences = (
				AB1234567890ABCDEF000004 /* XCLocalSwiftPackageReference "MediaKeyTap" */,
			);
			productRefGroup = 4743EFA81E91493B0032F5AA /* Products */;
			projectDirPath = "";
			projectRoot = "";
			targets = (
				4743EFA61E91493B0032F5AA /* MultiSoundChanger */,
				7D38D692B882FBDA90D27178 /* MultiSoundChangerTests */,
			);
		};
/* End PBXProject section */

/* Begin PBXResourcesBuildPhase section */
		4743EFA51E91493B0032F5AA /* Resources */ = {
			isa = PBXResourcesBuildPhase;
			buildActionMask = 2147483647;
			files = (
				F312C55025B3742200205846 /* Volume.storyboard in Resources */,
				F312C54E25B3741C00205846 /* Main.storyboard in Resources */,
				F37C2ECF256AA987001C3D36 /* Localizable.strings in Resources */,
				F373D8CD2561D36B00642274 /* Assets.xcassets in Resources */,
			);
			runOnlyForDeploymentPostprocessing = 0;
		};
		ED2DD36148E4E4770A586BF4 /* Resources */ = {
			isa = PBXResourcesBuildPhase;
			buildActionMask = 2147483647;
			files = (
			);
			runOnlyForDeploymentPostprocessing = 0;
		};
/* End PBXResourcesBuildPhase section */

/* Begin PBXSourcesBuildPhase section */
		3BF92F448AC3228AF84F2A47 /* Sources */ = {
			isa = PBXSourcesBuildPhase;
			buildActionMask = 2147483647;
			files = (
				42F16CFECBBDA470387FB729 /* SmokeTests.swift in Sources */,
				242B7466B900EF2A9666DA86 /* AggregateDeviceManagerTests.swift in Sources */,
				E5AC11609D3CBF175DAE2523 /* AudioManagerReconcileTests.swift in Sources */,
				B406CE3905EC4FCB0B354263 /* AudioManagerSelectionTests.swift in Sources */,
				E82CC5CF09459DF0594A1690 /* AudioManagerVolumeTests.swift in Sources */,
				5B19B599B5B7D04D84DA3F98 /* FakeAudio.swift in Sources */,
				0CCD9A831D5226CA59E0BA4F /* TestScene.swift in Sources */,
				7B932A673C06713AEB988A5F /* MediaKeyRemapperTests.swift in Sources */,
				6579173C5B5DF455DA630E89 /* SystemVolumeIconControllerTests.swift in Sources */,
				341E8A3500EB457D8DF89D42 /* VolumeMathTests.swift in Sources */,
			);
			runOnlyForDeploymentPostprocessing = 0;
		};
		4743EFA31E91493B0032F5AA /* Sources */ = {
			isa = PBXSourcesBuildPhase;
			buildActionMask = 2147483647;
			files = (
				F373D8C82561D2B000642274 /* Extensions.swift in Sources */,
				F392597C2631ACE700B7AD62 /* Runner.swift in Sources */,
				F3433FCB25B36E16009AAE86 /* Images.swift in Sources */,
				F3925975262F2B8000B7AD62 /* ApplicationController.swift in Sources */,
				F373D8C62561D2A600642274 /* Audio.swift in Sources */,
				F37C2ED1256AAA4C001C3D36 /* Strings.swift in Sources */,
				F373D8B52561D1A600642274 /* MediaManager.swift in Sources */,
				F373D8B42561D1A600642274 /* AudioManager.swift in Sources */,
				F373D8B32561D1A600642274 /* StatusBarController.swift in Sources */,
				4743EFAB1E91493B0032F5AA /* AppDelegate.swift in Sources */,
				F373D8BF2561D22000642274 /* VolumeViewController.swift in Sources */,
				F3925979262F2F9F00B7AD62 /* Logger.swift in Sources */,
				F373D8BB2561D21900642274 /* Stories.swift in Sources */,
				F383684D2561E39E00C7B454 /* Constants.swift in Sources */,
				AB1234567890ABCDEF000006 /* VolumeHUD.swift in Sources */,
				AB1234567890ABCDEF000008 /* MediaKeyRemapper.swift in Sources */,
				AB1234567890ABCDEF00000A /* AggregateDeviceManager.swift in Sources */,
				AB1234567890ABCDEF00000C /* SystemVolumeIconController.swift in Sources */,
				AB1234567890ABCDEF000014 /* LaunchAtLoginController.swift in Sources */,
				AB1234567890ABCDEF00000E /* DeviceListView.swift in Sources */,
				AB1234567890ABCDEF000010 /* IconTintPickerView.swift in Sources */,
				EED8FCD6CEF0547A5840E211 /* VolumeMath.swift in Sources */,
			);
			runOnlyForDeploymentPostprocessing = 0;
		};
/* End PBXSourcesBuildPhase section */

/* Begin PBXTargetDependency section */
		01E35CF43A1D387BE6D69333 /* PBXTargetDependency */ = {
			isa = PBXTargetDependency;
			name = MultiSoundChanger;
			target = 4743EFA61E91493B0032F5AA /* MultiSoundChanger */;
			targetProxy = 9B14F72DFD1682F7F0C762C5 /* PBXContainerItemProxy */;
		};
/* End PBXTargetDependency section */

/* Begin PBXVariantGroup section */
		F373D8C02561D24600642274 /* Main.storyboard */ = {
			isa = PBXVariantGroup;
			children = (
				F373D8C12561D24600642274 /* Base */,
			);
			name = Main.storyboard;
			sourceTree = "<group>";
		};
/* End PBXVariantGroup section */

/* Begin XCBuildConfiguration section */
		4743EFB41E91493B0032F5AA /* Debug */ = {
			isa = XCBuildConfiguration;
			buildSettings = {
				ALWAYS_SEARCH_USER_PATHS = NO;
				CLANG_ANALYZER_LOCALIZABILITY_NONLOCALIZED = YES;
				CLANG_ANALYZER_NONNULL = YES;
				CLANG_ANALYZER_NUMBER_OBJECT_CONVERSION = YES_AGGRESSIVE;
				CLANG_CXX_LANGUAGE_STANDARD = "gnu++0x";
				CLANG_CXX_LIBRARY = "libc++";
				CLANG_ENABLE_MODULES = YES;
				CLANG_ENABLE_OBJC_ARC = YES;
				CLANG_WARN_BLOCK_CAPTURE_AUTORELEASING = YES;
				CLANG_WARN_BOOL_CONVERSION = YES;
				CLANG_WARN_COMMA = YES;
				CLANG_WARN_CONSTANT_CONVERSION = YES;
				CLANG_WARN_DEPRECATED_OBJC_IMPLEMENTATIONS = YES;
				CLANG_WARN_DIRECT_OBJC_ISA_USAGE = YES_ERROR;
				CLANG_WARN_DOCUMENTATION_COMMENTS = YES;
				CLANG_WARN_EMPTY_BODY = YES;
				CLANG_WARN_ENUM_CONVERSION = YES;
				CLANG_WARN_INFINITE_RECURSION = YES;
				CLANG_WARN_INT_CONVERSION = YES;
				CLANG_WARN_NON_LITERAL_NULL_CONVERSION = YES;
				CLANG_WARN_OBJC_IMPLICIT_RETAIN_SELF = YES;
				CLANG_WARN_OBJC_LITERAL_CONVERSION = YES;
				CLANG_WARN_OBJC_ROOT_CLASS = YES_ERROR;
				CLANG_WARN_QUOTED_INCLUDE_IN_FRAMEWORK_HEADER = YES;
				CLANG_WARN_RANGE_LOOP_ANALYSIS = YES;
				CLANG_WARN_STRICT_PROTOTYPES = YES;
				CLANG_WARN_SUSPICIOUS_MOVE = YES;
				CLANG_WARN_UNREACHABLE_CODE = YES;
				CLANG_WARN__DUPLICATE_METHOD_MATCH = YES;
				CODE_SIGN_IDENTITY = "-";
				COPY_PHASE_STRIP = NO;
				DEBUG_INFORMATION_FORMAT = dwarf;
				ENABLE_STRICT_OBJC_MSGSEND = YES;
				ENABLE_TESTABILITY = YES;
				GCC_C_LANGUAGE_STANDARD = gnu99;
				GCC_DYNAMIC_NO_PIC = NO;
				GCC_NO_COMMON_BLOCKS = YES;
				GCC_OPTIMIZATION_LEVEL = 0;
				GCC_PREPROCESSOR_DEFINITIONS = (
					"DEBUG=1",
					"$(inherited)",
				);
				GCC_WARN_64_TO_32_BIT_CONVERSION = YES;
				GCC_WARN_ABOUT_RETURN_TYPE = YES_ERROR;
				GCC_WARN_UNDECLARED_SELECTOR = YES;
				GCC_WARN_UNINITIALIZED_AUTOS = YES_AGGRESSIVE;
				GCC_WARN_UNUSED_FUNCTION = YES;
				GCC_WARN_UNUSED_VARIABLE = YES;
				MACOSX_DEPLOYMENT_TARGET = 11.0;
				MTL_ENABLE_DEBUG_INFO = YES;
				ONLY_ACTIVE_ARCH = YES;
				SDKROOT = macosx;
				SWIFT_ACTIVE_COMPILATION_CONDITIONS = DEBUG;
				SWIFT_OPTIMIZATION_LEVEL = "-Onone";
				SWIFT_VERSION = 5.0;
			};
			name = Debug;
		};
		4743EFB51E91493B0032F5AA /* Release */ = {
			isa = XCBuildConfiguration;
			buildSettings = {
				ALWAYS_SEARCH_USER_PATHS = NO;
				CLANG_ANALYZER_LOCALIZABILITY_NONLOCALIZED = YES;
				CLANG_ANALYZER_NONNULL = YES;
				CLANG_ANALYZER_NUMBER_OBJECT_CONVERSION = YES_AGGRESSIVE;
				CLANG_CXX_LANGUAGE_STANDARD = "gnu++0x";
				CLANG_CXX_LIBRARY = "libc++";
				CLANG_ENABLE_MODULES = YES;
				CLANG_ENABLE_OBJC_ARC = YES;
				CLANG_WARN_BLOCK_CAPTURE_AUTORELEASING = YES;
				CLANG_WARN_BOOL_CONVERSION = YES;
				CLANG_WARN_COMMA = YES;
				CLANG_WARN_CONSTANT_CONVERSION = YES;
				CLANG_WARN_DEPRECATED_OBJC_IMPLEMENTATIONS = YES;
				CLANG_WARN_DIRECT_OBJC_ISA_USAGE = YES_ERROR;
				CLANG_WARN_DOCUMENTATION_COMMENTS = YES;
				CLANG_WARN_EMPTY_BODY = YES;
				CLANG_WARN_ENUM_CONVERSION = YES;
				CLANG_WARN_INFINITE_RECURSION = YES;
				CLANG_WARN_INT_CONVERSION = YES;
				CLANG_WARN_NON_LITERAL_NULL_CONVERSION = YES;
				CLANG_WARN_OBJC_IMPLICIT_RETAIN_SELF = YES;
				CLANG_WARN_OBJC_LITERAL_CONVERSION = YES;
				CLANG_WARN_OBJC_ROOT_CLASS = YES_ERROR;
				CLANG_WARN_QUOTED_INCLUDE_IN_FRAMEWORK_HEADER = YES;
				CLANG_WARN_RANGE_LOOP_ANALYSIS = YES;
				CLANG_WARN_STRICT_PROTOTYPES = YES;
				CLANG_WARN_SUSPICIOUS_MOVE = YES;
				CLANG_WARN_UNREACHABLE_CODE = YES;
				CLANG_WARN__DUPLICATE_METHOD_MATCH = YES;
				CODE_SIGN_IDENTITY = "-";
				COPY_PHASE_STRIP = NO;
				DEBUG_INFORMATION_FORMAT = "dwarf-with-dsym";
				ENABLE_NS_ASSERTIONS = NO;
				ENABLE_STRICT_OBJC_MSGSEND = YES;
				GCC_C_LANGUAGE_STANDARD = gnu99;
				GCC_NO_COMMON_BLOCKS = YES;
				GCC_WARN_64_TO_32_BIT_CONVERSION = YES;
				GCC_WARN_ABOUT_RETURN_TYPE = YES_ERROR;
				GCC_WARN_UNDECLARED_SELECTOR = YES;
				GCC_WARN_UNINITIALIZED_AUTOS = YES_AGGRESSIVE;
				GCC_WARN_UNUSED_FUNCTION = YES;
				GCC_WARN_UNUSED_VARIABLE = YES;
				MACOSX_DEPLOYMENT_TARGET = 11.0;
				MTL_ENABLE_DEBUG_INFO = NO;
				SDKROOT = macosx;
				SWIFT_OPTIMIZATION_LEVEL = "-Owholemodule";
				SWIFT_VERSION = 5.0;
			};
			name = Release;
		};
		4743EFB71E91493B0032F5AA /* Debug */ = {
			isa = XCBuildConfiguration;
			buildSettings = {
				ASSETCATALOG_COMPILER_APPICON_NAME = AppIcon;
				CODE_SIGN_IDENTITY = "-";
				CODE_SIGN_STYLE = Manual;
				COMBINE_HIDPI_IMAGES = YES;
				DEVELOPMENT_TEAM = "";
				FRAMEWORK_SEARCH_PATHS = (
					"$(inherited)",
					"$(PROJECT_DIR)",
				);
				INFOPLIST_FILE = MultiSoundChanger/Other/Info.plist;
				LD_RUNPATH_SEARCH_PATHS = (
					"$(inherited)",
					"@executable_path/../Frameworks",
				);
				MACOSX_DEPLOYMENT_TARGET = 11.0;
				MARKETING_VERSION = 1.4.0;
				PRODUCT_BUNDLE_IDENTIFIER = io.github.emaslenkov.multisoundchanger2;
				PRODUCT_NAME = MultiSoundChanger2;
				PROVISIONING_PROFILE_SPECIFIER = "";
				SWIFT_OBJC_BRIDGING_HEADER = "MultiSoundChanger/Other/MultiSoundChanger-Bridging-Header.h";
				SWIFT_VERSION = 5.0;
			};
			name = Debug;
		};
		4743EFB81E91493B0032F5AA /* Release */ = {
			isa = XCBuildConfiguration;
			buildSettings = {
				ASSETCATALOG_COMPILER_APPICON_NAME = AppIcon;
				CODE_SIGN_IDENTITY = "-";
				CODE_SIGN_STYLE = Manual;
				COMBINE_HIDPI_IMAGES = YES;
				DEVELOPMENT_TEAM = "";
				FRAMEWORK_SEARCH_PATHS = (
					"$(inherited)",
					"$(PROJECT_DIR)",
				);
				INFOPLIST_FILE = MultiSoundChanger/Other/Info.plist;
				LD_RUNPATH_SEARCH_PATHS = (
					"$(inherited)",
					"@executable_path/../Frameworks",
				);
				MACOSX_DEPLOYMENT_TARGET = 11.0;
				MARKETING_VERSION = 1.4.0;
				PRODUCT_BUNDLE_IDENTIFIER = io.github.emaslenkov.multisoundchanger2;
				PRODUCT_NAME = MultiSoundChanger2;
				PROVISIONING_PROFILE_SPECIFIER = "";
				SWIFT_OBJC_BRIDGING_HEADER = "MultiSoundChanger/Other/MultiSoundChanger-Bridging-Header.h";
				SWIFT_VERSION = 5.0;
			};
			name = Release;
		};
		4754987E449E5B72DE4F62B8 /* Release */ = {
			isa = XCBuildConfiguration;
			buildSettings = {
				BUNDLE_LOADER = "$(TEST_HOST)";
				CODE_SIGN_STYLE = Automatic;
				GENERATE_INFOPLIST_FILE = YES;
				LD_RUNPATH_SEARCH_PATHS = (
					"$(inherited)",
					"@executable_path/../Frameworks",
					"@loader_path/../Frameworks",
				);
				MACOSX_DEPLOYMENT_TARGET = 11.0;
				PRODUCT_BUNDLE_IDENTIFIER = io.github.emaslenkov.multisoundchanger2.tests;
				PRODUCT_NAME = "$(TARGET_NAME)";
				SDKROOT = macosx;
				SWIFT_EMIT_LOC_STRINGS = NO;
				SWIFT_VERSION = 5.0;
				TEST_HOST = "$(BUILT_PRODUCTS_DIR)/MultiSoundChanger2.app/Contents/MacOS/MultiSoundChanger2";
			};
			name = Release;
		};
		497F88C06C4712930140CA3F /* Debug */ = {
			isa = XCBuildConfiguration;
			buildSettings = {
				BUNDLE_LOADER = "$(TEST_HOST)";
				CODE_SIGN_STYLE = Automatic;
				GENERATE_INFOPLIST_FILE = YES;
				LD_RUNPATH_SEARCH_PATHS = (
					"$(inherited)",
					"@executable_path/../Frameworks",
					"@loader_path/../Frameworks",
				);
				MACOSX_DEPLOYMENT_TARGET = 11.0;
				PRODUCT_BUNDLE_IDENTIFIER = io.github.emaslenkov.multisoundchanger2.tests;
				PRODUCT_NAME = "$(TARGET_NAME)";
				SDKROOT = macosx;
				SWIFT_EMIT_LOC_STRINGS = NO;
				SWIFT_VERSION = 5.0;
				TEST_HOST = "$(BUILT_PRODUCTS_DIR)/MultiSoundChanger2.app/Contents/MacOS/MultiSoundChanger2";
			};
			name = Debug;
		};
/* End XCBuildConfiguration section */

/* Begin XCConfigurationList section */
		4743EFA21E91493B0032F5AA /* Build configuration list for PBXProject "MultiSoundChanger" */ = {
			isa = XCConfigurationList;
			buildConfigurations = (
				4743EFB41E91493B0032F5AA /* Debug */,
				4743EFB51E91493B0032F5AA /* Release */,
			);
			defaultConfigurationIsVisible = 0;
			defaultConfigurationName = Release;
		};
		4743EFB61E91493B0032F5AA /* Build configuration list for PBXNativeTarget "MultiSoundChanger" */ = {
			isa = XCConfigurationList;
			buildConfigurations = (
				4743EFB71E91493B0032F5AA /* Debug */,
				4743EFB81E91493B0032F5AA /* Release */,
			);
			defaultConfigurationIsVisible = 0;
			defaultConfigurationName = Release;
		};
		8976DD74ABEC1BBA97495539 /* Build configuration list for PBXNativeTarget "MultiSoundChangerTests" */ = {
			isa = XCConfigurationList;
			buildConfigurations = (
				4754987E449E5B72DE4F62B8 /* Release */,
				497F88C06C4712930140CA3F /* Debug */,
			);
			defaultConfigurationIsVisible = 0;
			defaultConfigurationName = Release;
		};
/* End XCConfigurationList section */

/* Begin XCLocalSwiftPackageReference section */
		AB1234567890ABCDEF000004 /* XCLocalSwiftPackageReference "MediaKeyTap" */ = {
			isa = XCLocalSwiftPackageReference;
			relativePath = Vendor/MediaKeyTap;
		};
/* End XCLocalSwiftPackageReference section */

/* Begin XCSwiftPackageProductDependency section */
		AB1234567890ABCDEF000002 /* MediaKeyTap */ = {
			isa = XCSwiftPackageProductDependency;
			productName = MediaKeyTap;
		};
/* End XCSwiftPackageProductDependency section */
	};
	rootObject = 4743EF9F1E91493B0032F5AA /* Project object */;
}
